Microsoft Visual Studio Solution File, Format Version 12.00
# Visual Studio 15
VisualStudioVersion = 15.0.26730.12
MinimumVisualStudioVersion = 15.0.26124.0
Project("{2150E333-8FDC-42A3-9474-1A3956D46DE8}") = "Source", "Source", "{D4A489A9-4614-4893-951A-188DB7319BCF}"
EndProject
Project("{9A19103F-16F7-4668-BE54-9A1E7A4F7556}") = "Base64Diff.Api", "src\api\Base64Diff.Api.csproj", "{7E98BE2E-0DCB-4755-912C-FB876A0704E1}"
EndProject
Project("{9A19103F-16F7-4668-BE54-9A1E7A4F7556}") = "Base64Diff.Domain", "src\domain\Base64Diff.Domain.csproj", "{FCF39019-44B3-4045-BC4C-73EBE7F1E0E2}"
EndProject
Project("{2150E333-8FDC-42A3-9474-1A3956D46DE8}") = "Tests", "Tests", "{227EFADC-1455-4D28-B622-3B41D7DABFE6}"
EndProject
Project("{9A19103F-16F7-4668-BE54-9A1E7A4F7556}") = "Base64Diff.ApiTests", "test\api\Base64Diff.ApiTests.csproj", "{03203B69-E4F0-4820-B2CD-16E01FDC32ED}"
EndProject
Project("{9A19103F-16F7-4668-BE54-9A1E7A4F7556}") = "Base64Diff.DomainTests", "test\domain\Base64Diff.DomainTests.csproj", "{132E1D22-0B24-45CA-85A8-DA7802A4A8F9}"
EndProject
Project("{9A19103F-16F7-4668-BE54-9A1E7A4F7556}") = "Base64Diff.IntegrationTests", "test\integration\Base64Diff.IntegrationTests.csproj", "{5FAFE0C7-A612-418E-9839-A38205394B1F}"
EndProject
Global
	GlobalSection(SolutionConfigurationPlatforms) = preSolution
		Debug|Any CPU = Debug|Any CPU
		Debug|x64 = Debug|x64
		Debug|x86 = Debug|x86
		Release|Any CPU = Release|Any CPU
		Release|x64 = Release|x64
		Release|x86 = Release|x86
	EndGlobalSection
	GlobalSection(ProjectConfigurationPlatforms) = postSolution
		{7E98BE2E-0DCB-4755-912C-FB876A0704E1}.Debug|Any CPU.ActiveCfg = Debug|Any CPU
		{7E98BE2E-0DCB-4755-912C-FB876A0704E1}.Debug|Any CPU.Build.0 = Debug|Any CPU
		{7E98BE2E-0DCB-4755-912C-FB876A0704E1}.Debug|x64.ActiveCfg = Debug|Any CPU
		{7E98BE2E-0DCB-4755-912C-FB876A0704E1}.Debug|x64.Build.0 = Debug|Any CPU
		{7E98BE2E-0DCB-4755-912C-FB876A0704E1}.Debug|x86.ActiveCfg = Debug|Any CPU
		{7E98BE2E-0DCB-4755-912C-FB876A0704E1}.Debug|x86.Build.0 = Debug|Any CPU
		{7E98BE2E-0DCB-4755-912C-FB876A0704E1}.Release|Any CPU.ActiveCfg = Release|Any CPU
		{7E98BE2E-0DCB-4755-912C-FB876A0704E1}.Release|Any CPU.Build.0 = Release|Any CPU
		{7E98BE2E-0DCB-4755-912C-FB876A0704E1}.Release|x64.ActiveCfg = Release|Any CPU
		{7E98BE2E-0DCB-4755-912C-FB876A0704E1}.Release|x64.Build.0 = Release|Any CPU
		{7E98BE2E-0DCB-4755-912C-FB876A0704E1}.Release|x86.ActiveCfg = Release|Any CPU
		{7E98BE2E-0DCB-4755-912C-FB876A0704E1}.Release|x86.Build.0 = Release|Any CPU
		{FCF39019-44B3-4045-BC4C-73EBE7F1E0E2}.Debug|Any CPU.ActiveCfg = Debug|Any CPU
		{FCF39019-44B3-4045-BC4C-73EBE7F1E0E2}.Debug|Any CPU.Build.0 = Debug|Any CPU
		{FCF39019-44B3-4045-BC4C-73EBE7F1E0E2}.Debug|x64.ActiveCfg = Debug|Any CPU
		{FCF39019-44B3-4045-BC4C-73EBE7F1E0E2}.Debug|x64.Build.0 = Debug|Any CPU
		{FCF39019-44B3-4045-BC4C-73EBE7F1E0E2}.Debug|x86.ActiveCfg = Debug|Any CPU
		{FCF39019-44B3-4045-BC4C-73EBE7F1E0E2}.Debug|x86.Build.0 = Debug|Any CPU
		{FCF39019-44B3-4045-BC4C-73EBE7F1E0E2}.Release|Any CPU.ActiveCfg = Release|Any CPU
		{FCF39019-44B3-4045-BC4C-73EBE7F1E0E2}.Release|Any CPU.Build.0 = Release|Any CPU
		{FCF39019-44B3-4045-BC4C-73EBE7F1E0E2}.Release|x64.ActiveCfg = Release|Any CPU
		{FCF39019-44B3-4045-BC4C-73EBE7F1E0E2}.Release|x64.Build.0 = Release|Any CPU
		{FCF39019-44B3-4045-BC4C-73EBE7F1E0E2}.Release|x86.ActiveCfg = Release|Any CPU
		{FCF39019-44B3-4045-BC4C-73EBE7F1E0E2}.Release|x86.Build.0 = Release|Any CPU
		{03203B69-E4F0-4820-B2CD-16E01FDC32ED}.Debug|Any CPU.ActiveCfg = Debug|Any CPU
		{03203B69-E4F0-4820-B2CD-16E01FDC32ED}.Debug|Any CPU.Build.0 = Debug|Any CPU
		{03203B69-E4F0-4820-B2CD-16E01FDC32ED}.Debug|x64.ActiveCfg = Debug|Any CPU
		{03203B69-E4F0-4820-B2CD-16E01FDC32ED}.Debug|x64.Build.0 = Debug|Any CPU
		{03203B69-E4F0-4820-B2CD-16E01FDC32ED}.Debug|x86.ActiveCfg = Debug|Any CPU
		{03203B69-E4F0-4820-B2CD-16E01FDC32ED}.Debug|x86.Build.0 = Debug|Any CPU
		{03203B69-E4F0-4820-B2CD-16E01FDC32ED}.Release|Any CPU.ActiveCfg = Release|Any CPU
		{03203B69-E4F0-4820-B2CD-16E01FDC32ED}.Release|Any CPU.Build.0 = Release|Any CPU
		{03203B69-E4F0-4820-B2CD-16E01FDC32ED}.Release|x64.ActiveCfg = Release|Any CPU
		{03203B69-E4F0-4820-B2CD-16E01FDC32ED}.Release|x64.Build.0 = Release|Any CPU
		{03203B69-E4F0-4820-B2CD-16E01FDC32ED}.Release|x86.ActiveCfg = Release|Any CPU
		{03203B69-E4F0-4820-B2CD-16E01FDC32ED}.Release|x86.Build.0 = Release|Any CPU
		{132E1D22-0B24-45CA-85A8-DA7802A4A8F9}.Debug|Any CPU.ActiveCfg = Debug|Any CPU
		{132E1D22-0B24-45CA-85A8-DA7802A4A8F9}.Debug|Any CPU.Build.0 = Debug|Any CPU
		{132E1D22-0B24-45CA-85A8-DA7802A4A8F9}.Debug|x64.ActiveCfg = Debug|Any CPU
		{132E1D22-0B24-45CA-85A8-DA7802A4A8F9}.Debug|x64.Build.0 = Debug|Any CPU
		{132E1D22-0B24-45CA-85A8-DA7802A4A8F9}.Debug|x86.ActiveCfg = Debug|Any CPU
		{132E1D22-0B24-45CA-85A8-DA7802A4A8F9}.Debug|x86.Build.0 = Debug|Any CPU
		{132E1D22-0B24-45CA-85A8-DA7802A4A8F9}.Release|Any CPU.ActiveCfg = Release|Any CPU
		{132E1D22-0B24-45CA-85A8-DA7802A4A8F9}.Release|Any CPU.Build.0 = Release|Any CPU
		{132E1D22-0B24-45CA-85A8-DA7802A4A8F9}.Release|x64.ActiveCfg = Release|Any CPU
		{132E1D22-0B24-45CA-85A8-DA7802A4A8F9}.Release|x64.Build.0 = Release|Any CPU
		{132E1D22-0B24-45CA-85A8-DA7802A4A8F9}.Release|x86.ActiveCfg = Release|Any CPU
		{132E1D22-0B24-45CA-85A8-DA7802A4A8F9}.Release|x86.Build.0 = Release|Any CPU
		{5FAFE0C7-A612-418E-9839-A38205394B1F}.Debug|Any CPU.ActiveCfg = Debug|Any CPU
		{5FAFE0C7-A612-418E-9839-A38205394B1F}.Debug|Any CPU.Build.0 = Debug|Any CPU
		{5FAFE0C7-A612-418E-9839-A38205394B1F}.Debug|x64.ActiveCfg = Debug|Any CPU
		{5FAFE0C7-A612-418E-9839-A38205394B1F}.Debug|x64.Build.0 = Debug|Any CPU
		{5FAFE0C7-A612-418E-9839-A38205394B1F}.Debug|x86.ActiveCfg = Debug|Any CPU
		{5FAFE0C7-A612-418E-9839-A38205394B1F}.Debug|x86.Build.0 = Debug|Any CPU
		{5FAFE0C7-A612-418E-9839-A38205394B1F}.Release|Any CPU.ActiveCfg = Release|Any CPU
		{5FAFE0C7-A612-418E-9839-A38205394B1F}.Release|Any CPU.Build.0 = Release|Any CPU
		{5FAFE0C7-A612-418E-9839-A38205394B1F}.Release|x64.ActiveCfg = Release|Any CPU
		{5FAFE0C7-A612-418E-9839-A38205394B1F}.Release|x64.Build.0 = Release|Any CPU
		{5FAFE0C7-A612-418E-9839-A38205394B1F}.Release|x86.ActiveCfg = Release|Any CPU
		{5FAFE0C7-A612-418E-9839-A38205394B1F}.Release|x86.Build.0 = Release|Any CPU
	EndGlobalSection
	GlobalSection(SolutionProperties) = preSolution
		HideSolutionNode = FALSE
	EndGlobalSection
	GlobalSection(NestedProjects) = preSolution
		{7E98BE2E-0DCB-4755-912C-FB876A0704E1} = {D4A489A9-4614-4893-951A-188DB7319BCF}
		{FCF39019-44B3-4045-BC4C-73EBE7F1E0E2} = {D4A489A9-4614-4893-951A-188DB7319BCF}
		{03203B69-E4F0-4820-B2CD-16E01FDC32ED} = {227EFADC-1455-4D28-B622-3B41D7DABFE6}
		{132E1D22-0B24-45CA-85A8-DA7802A4A8F9} = {227EFADC-1455-4D28-B622-3B41D7DABFE6}
		{5FAFE0C7-A612-418E-9839-A38205394B1F} = {227EFADC-1455-4D28-B622-3B41D7DABFE6}
	EndGlobalSection
	GlobalSection(ExtensibilityGlobals) = postSolution
		SolutionGuid = {C41D001B-87CD-498E-8433-29EC2AFD8378}
	EndGlobalSection
EndGlobal
